{
  "name": "Examen 2da unidad",
  "lockfileVersion": 3,
  "requires": true,
  "packages": {
    "": {
      "dependencies": {
        "server-js": "^0.1.4"
      }
    },
    "node_modules/server-js": {
      "version": "0.1.4",
      "resolved": "https://registry.npmjs.org/server-js/-/server-js-0.1.4.tgz",
      "integrity": "sha512-NLcRVsAjiV6Rk+wOPLBCWG2wLRjdRBS6e0fT/QN43javIQUUKFyrq8/HqfSmNl1Yl/B//SfRHzOrnGwiXI/o3g=="
    }
  }
}
